// !$*UTF8*$!
{
	archiveVersion = 1;
	classes = {
	};
	objectVersion = 77;
	objects = {

/* Begin PBXBuildFile section */
		C609B02C2F55EA1C0037CAF3 /* ReSwift in Frameworks */ = {isa = PBXBuildFile; productRef = C609B02B2F55EA1C0037CAF3 /* ReSwift */; };
		C6F772CD2F54587900F54E9B /* RxRelay in Frameworks */ = {isa = PBXBuildFile; productRef = C6F772CC2F54587900F54E9B /* RxRelay */; };
		C6F772CF2F54587900F54E9B /* RxSwift in Frameworks */ = {isa = PBXBuildFile; productRef = C6F772CE2F54587900F54E9B /* RxSwift */; };
/* End PBXBuildFile section */

/* Begin PBXContainerItemProxy section */
		C6C1DE092F5094D400710583 /* PBXContainerItemProxy */ = {
			isa = PBXContainerItemProxy;
			containerPortal = C6C1DDF32F5094D300710583 /* Project object */;
			proxyType = 1;
			remoteGlobalIDString = C6C1DDFA2F5094D300710583;
			remoteInfo = Product;
		};
		C6C1DE132F5094D400710583 /* PBXContainerItemProxy */ = {
			isa = PBXContainerItemProxy;
			containerPortal = C6C1DDF32F5094D300710583 /* Project object */;
			proxyType = 1;
			remoteGlobalIDString = C6C1DDFA2F5094D300710583;
			remoteInfo = Product;
		};
/* End PBXContainerItemProxy section */

/* Begin PBXFileReference section */
		C6C1DDFB2F5094D300710583 /* Product.app */ = {isa = PBXFileReference; explicitFileType = wrapper.application; includeInIndex = 0; path = Product.app; sourceTree = BUILT_PRODUCTS_DIR; };
		C6C1DE082F5094D400710583 /* ProductTests.xctest */ = {isa = PBXFileReference; explicitFileType = wrapper.cfbundle; includeInIndex = 0; path = ProductTests.xctest; sourceTree = BUILT_PRODUCTS_DIR; };
		C6C1DE122F5094D400710583 /* ProductUITests.xctest */ = {isa = PBXFileReference; explicitFileType = wrapper.cfbundle; includeInIndex = 0; path = ProductUITests.xctest; sourceTree = BUILT_PRODUCTS_DIR; };
/* End PBXFileReference section */

/* Begin PBXFileSystemSynchronizedRootGroup section */
		C6C1DDFD2F5094D300710583 /* Product */ = {
			isa = PBXFileSystemSynchronizedRootGroup;
			path = Product;
			sourceTree = "<group>";
		};
		C6C1DE0B2F5094D400710583 /* ProductTests */ = {
			isa = PBXFileSystemSynchronizedRootGroup;
			path = ProductTests;
			sourceTree = "<group>";
		};
		C6C1DE152F5094D400710583 /* ProductUITests */ = {
			isa = PBXFileSystemSynchronizedRootGroup;
			path = ProductUITests;
			sourceTree = "<group>";
		};
/* End PBXFileSystemSynchronizedRootGroup section */

/* Begin PBXFrameworksBuildPhase section */
		C6C1DDF82F5094D300710583 /* Frameworks */ = {
			isa = PBXFrameworksBuildPhase;
			buildActionMask = 2147483647;
			files = (
				C609B02C2F55EA1C0037CAF3 /* ReSwift in Frameworks */,
				C6F772CF2F54587900F54E9B /* RxSwift in Frameworks */,
				C6F772CD2F54587900F54E9B /* RxRelay in Frameworks */,
			);
			runOnlyForDeploymentPostprocessing = 0;
		};
		C6C1DE052F5094D400710583 /* Frameworks */ = {
			isa = PBXFrameworksBuildPhase;
			buildActionMask = 2147483647;
			files = (
			);
			runOnlyForDeploymentPostprocessing = 0;
		};
		C6C1DE0F2F5094D400710583 /* Frameworks */ = {
			isa = PBXFrameworksBuildPhase;
			buildActionMask = 2147483647;
			files = (
			);
			runOnlyForDeploymentPostprocessing = 0;
		};
/* End PBXFrameworksBuildPhase section */

/* Begin PBXGroup section */
		C6C1DDF22F5094D300710583 = {
			isa = PBXGroup;
			children = (
				C6C1DDFD2F5094D300710583 /* Product */,
				C6C1DE0B2F5094D400710583 /* ProductTests */,
				C6C1DE152F5094D400710583 /* ProductUITests */,
				C6F772CB2F54587900F54E9B /* Frameworks */,
				C6C1DDFC2F5094D300710583 /* Products */,
			);
			sourceTree = "<group>";
		};
		C6C1DDFC2F5094D300710583 /* Products */ = {
			isa = PBXGroup;
			children = (
				C6C1DDFB2F5094D300710583 /* Product.app */,
				C6C1DE082F5094D400710583 /* ProductTests.xctest */,
				C6C1DE122F5094D400710583 /* ProductUITests.xctest */,
			);
			name = Products;
			sourceTree = "<group>";
		};
		C6F772CB2F54587900F54E9B /* Frameworks */ = {
			isa = PBXGroup;
			children = (
			);
			name = Frameworks;
			sourceTree = "<group>";
		};
/* End PBXGroup section */

/* Begin PBXNativeTarget section */
		C6C1DDFA2F5094D300710583 /* Product */ = {
			isa = PBXNativeTarget;
			buildConfigurationList = C6C1DE1C2F5094D400710583 /* Build configuration list for PBXNativeTarget "Product" */;
			buildPhases = (
				C6C1DDF72F5094D300710583 /* Sources */,
				C6C1DDF82F5094D300710583 /* Frameworks */,
				C6C1DDF92F5094D300710583 /* Resources */,
				C6F6B4782F52B129007D1C62 /* SwiftLint */,
			);
			buildRules = (
			);
			dependencies = (
			);
			fileSystemSynchronizedGroups = (
				C6C1DDFD2F5094D300710583 /* Product */,
			);
			name = Product;
			packageProductDependencies = (
				C6F772CC2F54587900F54E9B /* RxRelay */,
				C6F772CE2F54587900F54E9B /* RxSwift */,
				C609B02B2F55EA1C0037CAF3 /* ReSwift */,
			);
			productName = Product;
			productReference = C6C1DDFB2F5094D300710583 /* Product.app */;
			productType = "com.apple.product-type.application";
		};
		C6C1DE072F5094D400710583 /* ProductTests */ = {
			isa = PBXNativeTarget;
			buildConfigurationList = C6C1DE1F2F5094D400710583 /* Build configuration list for PBXNativeTarget "ProductTests" */;
			buildPhases = (
				C6C1DE042F5094D400710583 /* Sources */,
				C6C1DE052F5094D400710583 /* Frameworks */,
				C6C1DE062F5094D400710583 /* Resources */,
			);
			buildRules = (
			);
			dependencies = (
				C6C1DE0A2F5094D400710583 /* PBXTargetDependency */,
			);
			fileSystemSynchronizedGroups = (
				C6C1DE0B2F5094D400710583 /* ProductTests */,
			);
			name = ProductTests;
			packageProductDependencies = (
			);
			productName = ProductTests;
			productReference = C6C1DE082F5094D400710583 /* ProductTests.xctest */;
			productType = "com.apple.product-type.bundle.unit-test";
		};
		C6C1DE112F5094D400710583 /* ProductUITests */ = {
			isa = PBXNativeTarget;
			buildConfigurationList = C6C1DE222F5094D400710583 /* Build configuration list for PBXNativeTarget "ProductUITests" */;
			buildPhases = (
				C6C1DE0E2F5094D400710583 /* Sources */,
				C6C1DE0F2F5094D400710583 /* Frameworks */,
				C6C1DE102F5094D400710583 /* Resources */,
			);
			buildRules = (
			);
			dependencies = (
				C6C1DE142F5094D400710583 /* PBXTargetDependency */,
			);
			fileSystemSynchronizedGroups = (
				C6C1DE152F5094D400710583 /* ProductUITests */,
			);
			name = ProductUITests;
			packageProductDependencies = (
			);
			productName = ProductUITests;
			productReference = C6C1DE122F5094D400710583 /* ProductUITests.xctest */;
			productType = "com.apple.product-type.bundle.ui-testing";
		};
/* End PBXNativeTarget section */

/* Begin PBXProject section */
		C6C1DDF32F5094D300710583 /* Project object */ = {
			isa = PBXProject;
			attributes = {
				BuildIndependentTargetsInParallel = 1;
				LastSwiftUpdateCheck = 2620;
				LastUpgradeCheck = 2620;
				TargetAttributes = {
					C6C1DDFA2F5094D300710583 = {
						CreatedOnToolsVersion = 26.2;
					};
					C6C1DE072F5094D400710583 = {
						CreatedOnToolsVersion = 26.2;
						TestTargetID = C6C1DDFA2F5094D300710583;
					};
					C6C1DE112F5094D400710583 = {
						CreatedOnToolsVersion = 26.2;
						TestTargetID = C6C1DDFA2F5094D300710583;
					};
				};
			};
			buildConfigurationList = C6C1DDF62F5094D300710583 /* Build configuration list for PBXProject "Product" */;
			developmentRegion = en;
			hasScannedForEncodings = 0;
			knownRegions = (
				en,
				Base,
			);
			mainGroup = C6C1DDF22F5094D300710583;
			minimizedProjectReferenceProxies = 1;
			packageReferences = (
				C6F772CA2F54586100F54E9B /* XCRemoteSwiftPackageReference "RxSwift" */,
				C609AFAF2F5495CB0037CAF3 /* XCRemoteSwiftPackageReference "ReSwift" */,
			);
			preferredProjectObjectVersion = 77;
			productRefGroup = C6C1DDFC2F5094D300710583 /* Products */;
			projectDirPath = "";
			projectRoot = "";
			targets = (
				C6C1DDFA2F5094D300710583 /* Product */,
				C6C1DE072F5094D400710583 /* ProductTests */,
				C6C1DE112F5094D400710583 /* ProductUITests */,
			);
		};
/* End PBXProject section */

/* Begin PBXResourcesBuildPhase section */
		C6C1DDF92F5094D300710583 /* Resources */ = {
			isa = PBXResourcesBuildPhase;
			buildActionMask = 2147483647;
			files = (
			);
			runOnlyForDeploymentPostprocessing = 0;
		};
		C6C1DE062F5094D400710583 /* Resources */ = {
			isa = PBXResourcesBuildPhase;
			buildActionMask = 2147483647;
			files = (
			);
			runOnlyForDeploymentPostprocessing = 0;
		};
		C6C1DE102F5094D400710583 /* Resources */ = {
			isa = PBXResourcesBuildPhase;
			buildActionMask = 2147483647;
			files = (
			);
			runOnlyForDeploymentPostprocessing = 0;
		};
/* End PBXResourcesBuildPhase section */

/* Begin PBXShellScriptBuildPhase section */
		C6F6B4782F52B129007D1C62 /* SwiftLint */ = {
			isa = PBXShellScriptBuildPhase;
			alwaysOutOfDate = 1;
			buildActionMask = 2147483647;
			files = (
			);
			inputFileListPaths = (
			);
			inputPaths = (
			);
			name = SwiftLint;
			outputFileListPaths = (
			);
			outputPaths = (
			);
			runOnlyForDeploymentPostprocessing = 0;
			shellPath = /bin/sh;
			shellScript = "# Type a script or drag a script file from your workspace to insert its path.\nif command -v swiftlint >/dev/null 2>&1\nthen\n    swiftlint\nelse\n    echo \"warning: `swiftlint` command not found - See https://github.com/realm/SwiftLint#installation for installation instructions.\"\nfi\n";
		};
/* End PBXShellScriptBuildPhase section */

/* Begin PBXSourcesBuildPhase section */
		C6C1DDF72F5094D300710583 /* Sources */ = {
			isa = PBXSourcesBuildPhase;
			buildActionMask = 2147483647;
			files = (
			);
			runOnlyForDeploymentPostprocessing = 0;
		};
		C6C1DE042F5094D400710583 /* Sources */ = {
			isa = PBXSourcesBuildPhase;
			buildActionMask = 2147483647;
			files = (
			);
			runOnlyForDeploymentPostprocessing = 0;
		};
		C6C1DE0E2F5094D400710583 /* Sources */ = {
			isa = PBXSourcesBuildPhase;
			buildActionMask = 2147483647;
			files = (
			);
			runOnlyForDeploymentPostprocessing = 0;
		};
/* End PBXSourcesBuildPhase section */

/* Begin PBXTargetDependency section */
		C6C1DE0A2F5094D400710583 /* PBXTargetDependency */ = {
			isa = PBXTargetDependency;
			target = C6C1DDFA2F5094D300710583 /* Product */;
			targetProxy = C6C1DE092F5094D400710583 /* PBXContainerItemProxy */;
		};
		C6C1DE142F5094D400710583 /* PBXTargetDependency */ = {
			isa = PBXTargetDependency;
			target = C6C1DDFA2F5094D300710583 /* Product */;
			targetProxy = C6C1DE132F5094D400710583 /* PBXContainerItemProxy */;
		};
/* End PBXTargetDependency section */

/* Begin XCBuildConfiguration section */
		C6C1DE1A2F5094D400710583 /* Debug */ = {
			isa = XCBuildConfiguration;
			buildSettings = {
				ALWAYS_SEARCH_USER_PATHS = NO;
				ASSETCATALOG_COMPILER_GENERATE_SWIFT_ASSET_SYMBOL_EXTENSIONS = YES;
				CLANG_ANALYZER_NONNULL = YES;
				CLANG_ANALYZER_NUMBER_OBJECT_CONVERSION = YES_AGGRESSIVE;
				CLANG_CXX_LANGUAGE_STANDARD = "gnu++20";
				CLANG_ENABLE_MODULES = YES;
				CLANG_ENABLE_OBJC_ARC = YES;
				CLANG_ENABLE_OBJC_WEAK = YES;
				CLANG_WARN_BLOCK_CAPTURE_AUTORELEASING = YES;
				CLANG_WARN_BOOL_CONVERSION = YES;
				CLANG_WARN_COMMA = YES;
				CLANG_WARN_CONSTANT_CONVERSION = YES;
				CLANG_WARN_DEPRECATED_OBJC_IMPLEMENTATIONS = YES;
				CLANG_WARN_DIRECT_OBJC_ISA_USAGE = YES_ERROR;
				CLANG_WARN_DOCUMENTATION_COMMENTS = YES;
				CLANG_WARN_EMPTY_BODY = YES;
				CLANG_WARN_ENUM_CONVERSION = YES;
				CLANG_WARN_INFINITE_RECURSION = YES;
				CLANG_WARN_INT_CONVERSION = YES;
				CLANG_WARN_NON_LITERAL_NULL_CONVERSION = YES;
				CLANG_WARN_OBJC_IMPLICIT_RETAIN_SELF = YES;
				CLANG_WARN_OBJC_LITERAL_CONVERSION = YES;
				CLANG_WARN_OBJC_ROOT_CLASS = YES_ERROR;
				CLANG_WARN_QUOTED_INCLUDE_IN_FRAMEWORK_HEADER = YES;
				CLANG_WARN_RANGE_LOOP_ANALYSIS = YES;
				CLANG_WARN_STRICT_PROTOTYPES = YES;
				CLANG_WARN_SUSPICIOUS_MOVE = YES;
				CLANG_WARN_UNGUARDED_AVAILABILITY = YES_AGGRESSIVE;
				CLANG_WARN_UNREACHABLE_CODE = YES;
				CLANG_WARN__DUPLICATE_METHOD_MATCH = YES;
				COPY_PHASE_STRIP = NO;
				DEBUG_INFORMATION_FORMAT = dwarf;
				ENABLE_STRICT_OBJC_MSGSEND = YES;
				ENABLE_TESTABILITY = YES;
				ENABLE_USER_SCRIPT_SANDBOXING = YES;
				GCC_C_LANGUAGE_STANDARD = gnu17;
				GCC_DYNAMIC_NO_PIC = NO;
				GCC_NO_COMMON_BLOCKS = YES;
				GCC_OPTIMIZATION_LEVEL = 0;
				GCC_PREPROCESSOR_DEFINITIONS = (
					"DEBUG=1",
					"$(inherited)",
				);
				GCC_WARN_64_TO_32_BIT_CONVERSION = YES;
				GCC_WARN_ABOUT_RETURN_TYPE = YES_ERROR;
				GCC_WARN_UNDECLARED_SELECTOR = YES;
				GCC_WARN_UNINITIALIZED_AUTOS = YES_AGGRESSIVE;
				GCC_WARN_UNUSED_FUNCTION = YES;
				GCC_WARN_UNUSED_VARIABLE = YES;
				IPHONEOS_DEPLOYMENT_TARGET = 26.2;
				LOCALIZATION_PREFERS_STRING_CATALOGS = YES;
				MTL_ENABLE_DEBUG_INFO = INCLUDE_SOURCE;
				MTL_FAST_MATH = YES;
				ONLY_ACTIVE_ARCH = YES;
				SDKROOT = iphoneos;
				SWIFT_ACTIVE_COMPILATION_CONDITIONS = "DEBUG $(inherited)";
				SWIFT_OPTIMIZATION_LEVEL = "-Onone";
			};
			name = Debug;
		};
		C6C1DE1B2F5094D400710583 /* Release */ = {
			isa = XCBuildConfiguration;
			buildSettings = {
				ALWAYS_SEARCH_USER_PATHS = NO;
				ASSETCATALOG_COMPILER_GENERATE_SWIFT_ASSET_SYMBOL_EXTENSIONS = YES;
				CLANG_ANALYZER_NONNULL = YES;
				CLANG_ANALYZER_NUMBER_OBJECT_CONVERSION = YES_AGGRESSIVE;
				CLANG_CXX_LANGUAGE_STANDARD = "gnu++20";
				CLANG_ENABLE_MODULES = YES;
				CLANG_ENABLE_OBJC_ARC = YES;
				CLANG_ENABLE_OBJC_WEAK = YES;
				CLANG_WARN_BLOCK_CAPTURE_AUTORELEASING = YES;
				CLANG_WARN_BOOL_CONVERSION = YES;
				CLANG_WARN_COMMA = YES;
				CLANG_WARN_CONSTANT_CONVERSION = YES;
				CLANG_WARN_DEPRECATED_OBJC_IMPLEMENTATIONS = YES;
				CLANG_WARN_DIRECT_OBJC_ISA_USAGE = YES_ERROR;
				CLANG_WARN_DOCUMENTATION_COMMENTS = YES;
				CLANG_WARN_EMPTY_BODY = YES;
				CLANG_WARN_ENUM_CONVERSION = YES;
				CLANG_WARN_INFINITE_RECURSION = YES;
				CLANG_WARN_INT_CONVERSION = YES;
				CLANG_WARN_NON_LITERAL_NULL_CONVERSION = YES;
				CLANG_WARN_OBJC_IMPLICIT_RETAIN_SELF = YES;
				CLANG_WARN_OBJC_LITERAL_CONVERSION = YES;
				CLANG_WARN_OBJC_ROOT_CLASS = YES_ERROR;
				CLANG_WARN_QUOTED_INCLUDE_IN_FRAMEWORK_HEADER = YES;
				CLANG_WARN_RANGE_LOOP_ANALYSIS = YES;
				CLANG_WARN_STRICT_PROTOTYPES = YES;
				CLANG_WARN_SUSPICIOUS_MOVE = YES;
				CLANG_WARN_UNGUARDED_AVAILABILITY = YES_AGGRESSIVE;
				CLANG_WARN_UNREACHABLE_CODE = YES;
				CLANG_WARN__DUPLICATE_METHOD_MATCH = YES;
				COPY_PHASE_STRIP = NO;
				DEBUG_INFORMATION_FORMAT = "dwarf-with-dsym";
				ENABLE_NS_ASSERTIONS = NO;
				ENABLE_STRICT_OBJC_MSGSEND = YES;
				ENABLE_USER_SCRIPT_SANDBOXING = YES;
				GCC_C_LANGUAGE_STANDARD = gnu17;
				GCC_NO_COMMON_BLOCKS = YES;
				GCC_WARN_64_TO_32_BIT_CONVERSION = YES;
				GCC_WARN_ABOUT_RETURN_TYPE = YES_ERROR;
				GCC_WARN_UNDECLARED_SELECTOR = YES;
				GCC_WARN_UNINITIALIZED_AUTOS = YES_AGGRESSIVE;
				GCC_WARN_UNUSED_FUNCTION = YES;
				GCC_WARN_UNUSED_VARIABLE = YES;
				IPHONEOS_DEPLOYMENT_TARGET = 26.2;
				LOCALIZATION_PREFERS_STRING_CATALOGS = YES;
				MTL_ENABLE_DEBUG_INFO = NO;
				MTL_FAST_MATH = YES;
				SDKROOT = iphoneos;
				SWIFT_COMPILATION_MODE = wholemodule;
				VALIDATE_PRODUCT = YES;
			};
			name = Release;
		};
		C6C1DE1D2F5094D400710583 /* Debug */ = {
			isa = XCBuildConfiguration;
			buildSettings = {
				ASSETCATALOG_COMPILER_APPICON_NAME = AppIcon;
				ASSETCATALOG_COMPILER_GLOBAL_ACCENT_COLOR_NAME = AccentColor;
				CODE_SIGN_STYLE = Automatic;
				CURRENT_PROJECT_VERSION = 1;
				ENABLE_PREVIEWS = YES;
				GENERATE_INFOPLIST_FILE = YES;
				INFOPLIST_KEY_UIApplicationSceneManifest_Generation = YES;
				INFOPLIST_KEY_UIApplicationSupportsIndirectInputEvents = YES;
				INFOPLIST_KEY_UILaunchScreen_Generation = YES;
				INFOPLIST_KEY_UISupportedInterfaceOrientations_iPad = "UIInterfaceOrientationPortrait UIInterfaceOrientationPortraitUpsideDown UIInterfaceOrientationLandscapeLeft UIInterfaceOrientationLandscapeRight";
				INFOPLIST_KEY_UISupportedInterfaceOrientations_iPhone = "UIInterfaceOrientationPortrait UIInterfaceOrientationLandscapeLeft UIInterfaceOrientationLandscapeRight";
				IPHONEOS_DEPLOYMENT_TARGET = 26.0;
				LD_RUNPATH_SEARCH_PATHS = (
					"$(inherited)",
					"@executable_path/Frameworks",
				);
				MARKETING_VERSION = 1.0;
				PRODUCT_BUNDLE_IDENTIFIER = com.leeseungyeong.Product;
				PRODUCT_NAME = "$(TARGET_NAME)";
				STRING_CATALOG_GENERATE_SYMBOLS = YES;
				SWIFT_APPROACHABLE_CONCURRENCY = YES;
				SWIFT_DEFAULT_ACTOR_ISOLATION = MainActor;
				SWIFT_EMIT_LOC_STRINGS = YES;
				SWIFT_UPCOMING_FEATURE_MEMBER_IMPORT_VISIBILITY = YES;
				SWIFT_VERSION = 5.0;
				TARGETED_DEVICE_FAMILY = "1,2";
			};
			name = Debug;
		};
		C6C1DE1E2F5094D400710583 /* Release */ = {
			isa = XCBuildConfiguration;
			buildSettings = {
				ASSETCATALOG_COMPILER_APPICON_NAME = AppIcon;
				ASSETCATALOG_COMPILER_GLOBAL_ACCENT_COLOR_NAME = AccentColor;
				CODE_SIGN_STYLE = Automatic;
				CURRENT_PROJECT_VERSION = 1;
				ENABLE_PREVIEWS = YES;
				GENERATE_INFOPLIST_FILE = YES;
				INFOPLIST_KEY_UIApplicationSceneManifest_Generation = YES;
				INFOPLIST_KEY_UIApplicationSupportsIndirectInputEvents = YES;
				INFOPLIST_KEY_UILaunchScreen_Generation = YES;
				INFOPLIST_KEY_UISupportedInterfaceOrientations_iPad = "UIInterfaceOrientationPortrait UIInterfaceOrientationPortraitUpsideDown UIInterfaceOrientationLandscapeLeft UIInterfaceOrientationLandscapeRight";
				INFOPLIST_KEY_UISupportedInterfaceOrientations_iPhone = "UIInterfaceOrientationPortrait UIInterfaceOrientationLandscapeLeft UIInterfaceOrientationLandscapeRight";
				IPHONEOS_DEPLOYMENT_TARGET = 26.0;
				LD_RUNPATH_SEARCH_PATHS = (
					"$(inherited)",
					"@executable_path/Frameworks",
				);
				MARKETING_VERSION = 1.0;
				PRODUCT_BUNDLE_IDENTIFIER = com.leeseungyeong.Product;
				PRODUCT_NAME = "$(TARGET_NAME)";
				STRING_CATALOG_GENERATE_SYMBOLS = YES;
				SWIFT_APPROACHABLE_CONCURRENCY = YES;
				SWIFT_DEFAULT_ACTOR_ISOLATION = MainActor;
				SWIFT_EMIT_LOC_STRINGS = YES;
				SWIFT_UPCOMING_FEATURE_MEMBER_IMPORT_VISIBILITY = YES;
				SWIFT_VERSION = 5.0;
				TARGETED_DEVICE_FAMILY = "1,2";
			};
			name = Release;
		};
		C6C1DE202F5094D400710583 /* Debug */ = {
			isa = XCBuildConfiguration;
			buildSettings = {
				BUNDLE_LOADER = "$(TEST_HOST)";
				CODE_SIGN_STYLE = Automatic;
				CURRENT_PROJECT_VERSION = 1;
				GENERATE_INFOPLIST_FILE = YES;
				IPHONEOS_DEPLOYMENT_TARGET = 26.2;
				MARKETING_VERSION = 1.0;
				PRODUCT_BUNDLE_IDENTIFIER = com.leeseungyeong.ProductTests;
				PRODUCT_NAME = "$(TARGET_NAME)";
				STRING_CATALOG_GENERATE_SYMBOLS = NO;
				SWIFT_APPROACHABLE_CONCURRENCY = YES;
				SWIFT_EMIT_LOC_STRINGS = NO;
				SWIFT_UPCOMING_FEATURE_MEMBER_IMPORT_VISIBILITY = YES;
				SWIFT_VERSION = 5.0;
				TARGETED_DEVICE_FAMILY = "1,2";
				TEST_HOST = "$(BUILT_PRODUCTS_DIR)/Product.app/$(BUNDLE_EXECUTABLE_FOLDER_PATH)/Product";
			};
			name = Debug;
		};
		C6C1DE212F5094D400710583 /* Release */ = {
			isa = XCBuildConfiguration;
			buildSettings = {
				BUNDLE_LOADER = "$(TEST_HOST)";
				CODE_SIGN_STYLE = Automatic;
				CURRENT_PROJECT_VERSION = 1;
				GENERATE_INFOPLIST_FILE = YES;
				IPHONEOS_DEPLOYMENT_TARGET = 26.2;
				MARKETING_VERSION = 1.0;
				PRODUCT_BUNDLE_IDENTIFIER = com.leeseungyeong.ProductTests;
				PRODUCT_NAME = "$(TARGET_NAME)";
				STRING_CATALOG_GENERATE_SYMBOLS = NO;
				SWIFT_APPROACHABLE_CONCURRENCY = YES;
				SWIFT_EMIT_LOC_STRINGS = NO;
				SWIFT_UPCOMING_FEATURE_MEMBER_IMPORT_VISIBILITY = YES;
				SWIFT_VERSION = 5.0;
				TARGETED_DEVICE_FAMILY = "1,2";
				TEST_HOST = "$(BUILT_PRODUCTS_DIR)/Product.app/$(BUNDLE_EXECUTABLE_FOLDER_PATH)/Product";
			};
			name = Release;
		};
		C6C1DE232F5094D400710583 /* Debug */ = {
			isa = XCBuildConfiguration;
			buildSettings = {
				CODE_SIGN_STYLE = Automatic;
				CURRENT_PROJECT_VERSION = 1;
				GENERATE_INFOPLIST_FILE = YES;
				MARKETING_VERSION = 1.0;
				PRODUCT_BUNDLE_IDENTIFIER = com.leeseungyeong.ProductUITests;
				PRODUCT_NAME = "$(TARGET_NAME)";
				STRING_CATALOG_GENERATE_SYMBOLS = NO;
				SWIFT_APPROACHABLE_CONCURRENCY = YES;
				SWIFT_EMIT_LOC_STRINGS = NO;
				SWIFT_UPCOMING_FEATURE_MEMBER_IMPORT_VISIBILITY = YES;
				SWIFT_VERSION = 5.0;
				TARGETED_DEVICE_FAMILY = "1,2";
				TEST_TARGET_NAME = Product;
			};
			name = Debug;
		};
		C6C1DE242F5094D400710583 /* Release */ = {
			isa = XCBuildConfiguration;
			buildSettings = {
				CODE_SIGN_STYLE = Automatic;
				CURRENT_PROJECT_VERSION = 1;
				GENERATE_INFOPLIST_FILE = YES;
				MARKETING_VERSION = 1.0;
				PRODUCT_BUNDLE_IDENTIFIER = com.leeseungyeong.ProductUITests;
				PRODUCT_NAME = "$(TARGET_NAME)";
				STRING_CATALOG_GENERATE_SYMBOLS = NO;
				SWIFT_APPROACHABLE_CONCURRENCY = YES;
				SWIFT_EMIT_LOC_STRINGS = NO;
				SWIFT_UPCOMING_FEATURE_MEMBER_IMPORT_VISIBILITY = YES;
				SWIFT_VERSION = 5.0;
				TARGETED_DEVICE_FAMILY = "1,2";
				TEST_TARGET_NAME = Product;
			};
			name = Release;
		};
/* End XCBuildConfiguration section */

/* Begin XCConfigurationList section */
		C6C1DDF62F5094D300710583 /* Build configuration list for PBXProject "Product" */ = {
			isa = XCConfigurationList;
			buildConfigurations = (
				C6C1DE1A2F5094D400710583 /* Debug */,
				C6C1DE1B2F5094D400710583 /* Release */,
			);
			defaultConfigurationIsVisible = 0;
			defaultConfigurationName = Release;
		};
		C6C1DE1C2F5094D400710583 /* Build configuration list for PBXNativeTarget "Product" */ = {
			isa = XCConfigurationList;
			buildConfigurations = (
				C6C1DE1D2F5094D400710583 /* Debug */,
				C6C1DE1E2F5094D400710583 /* Release */,
			);
			defaultConfigurationIsVisible = 0;
			defaultConfigurationName = Release;
		};
		C6C1DE1F2F5094D400710583 /* Build configuration list for PBXNativeTarget "ProductTests" */ = {
			isa = XCConfigurationList;
			buildConfigurations = (
				C6C1DE202F5094D400710583 /* Debug */,
				C6C1DE212F5094D400710583 /* Release */,
			);
			defaultConfigurationIsVisible = 0;
			defaultConfigurationName = Release;
		};
		C6C1DE222F5094D400710583 /* Build configuration list for PBXNativeTarget "ProductUITests" */ = {
			isa = XCConfigurationList;
			buildConfigurations = (
				C6C1DE232F5094D400710583 /* Debug */,
				C6C1DE242F5094D400710583 /* Release */,
			);
			defaultConfigurationIsVisible = 0;
			defaultConfigurationName = Release;
		};
/* End XCConfigurationList section */

/* Begin XCRemoteSwiftPackageReference section */
		C609AFAF2F5495CB0037CAF3 /* XCRemoteSwiftPackageReference "ReSwift" */ = {
			isa = XCRemoteSwiftPackageReference;
			repositoryURL = "https://github.com/ReSwift/ReSwift";
			requirement = {
				kind = upToNextMajorVersion;
				minimumVersion = 6.1.1;
			};
		};
		C6F772CA2F54586100F54E9B /* XCRemoteSwiftPackageReference "RxSwift" */ = {
			isa = XCRemoteSwiftPackageReference;
			repositoryURL = "https://github.com/ReactiveX/RxSwift";
			requirement = {
				kind = upToNextMajorVersion;
				minimumVersion = 6.10.1;
			};
		};
/* End XCRemoteSwiftPackageReference section */

/* Begin XCSwiftPackageProductDependency section */
		C609B02B2F55EA1C0037CAF3 /* ReSwift */ = {
			isa = XCSwiftPackageProductDependency;
			package = C609AFAF2F5495CB0037CAF3 /* XCRemoteSwiftPackageReference "ReSwift" */;
			productName = ReSwift;
		};
		C6F772CC2F54587900F54E9B /* RxRelay */ = {
			isa = XCSwiftPackageProductDependency;
			package = C6F772CA2F54586100F54E9B /* XCRemoteSwiftPackageReference "RxSwift" */;
			productName = RxRelay;
		};
		C6F772CE2F54587900F54E9B /* RxSwift */ = {
			isa = XCSwiftPackageProductDependency;
			package = C6F772CA2F54586100F54E9B /* XCRemoteSwiftPackageReference "RxSwift" */;
			productName = RxSwift;
		};
/* End XCSwiftPackageProductDependency section */
	};
	rootObject = C6C1DDF32F5094D300710583 /* Project object */;
}
